// !$*UTF8*$!
{
	archiveVersion = 1;
	classes = {
	};
	objectVersion = 46;
	objects = {

/* Begin PBXBuildFile section */
		8C1DA7C416F00CBB00A32438 /* Photo.m in Sources */ = {isa = PBXBuildFile; fileRef = 8C1DA7C316F00CBB00A32438 /* Photo.m */; };
		8C1DA7C716F0102E00A32438 /* Album.m in Sources */ = {isa = PBXBuildFile; fileRef = 8C1DA7C616F0102E00A32438 /* Album.m */; };
		8C1DA7CA16F0182D00A32438 /* AlbumCollection.m in Sources */ = {isa = PBXBuildFile; fileRef = 8C1DA7C916F0182D00A32438 /* AlbumCollection.m */; };
		8C1DA7CD16F0322900A32438 /* PAViewController.m in Sources */ = {isa = PBXBuildFile; fileRef = 8C1DA7CC16F0322900A32438 /* PAViewController.m */; };
		8C1DA7D316F1694800A32438 /* FlickrFetcher.m in Sources */ = {isa = PBXBuildFile; fileRef = 8C1DA7D216F1694800A32438 /* FlickrFetcher.m */; };
		8C1DA7D616F18A7100A32438 /* AddAlbumViewController.m in Sources */ = {isa = PBXBuildFile; fileRef = 8C1DA7D516F18A7100A32438 /* AddAlbumViewController.m */; };
		8C240DD71706B38C007D35AE /* ImageViewController.m in Sources */ = {isa = PBXBuildFile; fileRef = 8C240DD61706B38C007D35AE /* ImageViewController.m */; };
		8C7D594E16C47CE700DA099D /* UIKit.framework in Frameworks */ = {isa = PBXBuildFile; fileRef = 8C7D594D16C47CE700DA099D /* UIKit.framework */; };
		8C7D595016C47CE700DA099D /* Foundation.framework in Frameworks */ = {isa = PBXBuildFile; fileRef = 8C7D594F16C47CE700DA099D /* Foundation.framework */; };
		8C7D595216C47CE700DA099D /* CoreGraphics.framework in Frameworks */ = {isa = PBXBuildFile; fileRef = 8C7D595116C47CE700DA099D /* CoreGraphics.framework */; };
		8C7D595816C47CE700DA099D /* InfoPlist.strings in Resources */ = {isa = PBXBuildFile; fileRef = 8C7D595616C47CE700DA099D /* InfoPlist.strings */; };
		8C7D595A16C47CE700DA099D /* main.m in Sources */ = {isa = PBXBuildFile; fileRef = 8C7D595916C47CE700DA099D /* main.m */; };
		8C7D595E16C47CE700DA099D /* PAAppDelegate.m in Sources */ = {isa = PBXBuildFile; fileRef = 8C7D595D16C47CE700DA099D /* PAAppDelegate.m */; };
		8C7D596716C47CE700DA099D /* MainStoryboard.storyboard in Resources */ = {isa = PBXBuildFile; fileRef = 8C7D596516C47CE700DA099D /* MainStoryboard.storyboard */; };
		8C7DF547170123F100CE77B0 /* FlickrCell.m in Sources */ = {isa = PBXBuildFile; fileRef = 8C7DF546170123F100CE77B0 /* FlickrCell.m */; };
		8C9DE6C417055327001EAF92 /* default_image.png in Resources */ = {isa = PBXBuildFile; fileRef = 8C9DE6C317055327001EAF92 /* default_image.png */; };
		8CA4DC0816FE328400BCC221 /* QuartzCore.framework in Frameworks */ = {isa = PBXBuildFile; fileRef = 8CA4DC0716FE328400BCC221 /* QuartzCore.framework */; };
		8CA4DC0B16FE369600BCC221 /* SelectPhotoSourceViewController.m in Sources */ = {isa = PBXBuildFile; fileRef = 8CA4DC0A16FE369600BCC221 /* SelectPhotoSourceViewController.m */; };
		8CA4DC0F16FE539D00BCC221 /* SelectPhotoViewController.m in Sources */ = {isa = PBXBuildFile; fileRef = 8CA4DC0E16FE539D00BCC221 /* SelectPhotoViewController.m */; };
		8CA4DC1116FED2F500BCC221 /* AlbumDatabase.plist in Resources */ = {isa = PBXBuildFile; fileRef = 8CA4DC1016FED2F500BCC221 /* AlbumDatabase.plist */; };
		8CAF005016EA89650013937B /* Default-Portrait~ipad.png in Resources */ = {isa = PBXBuildFile; fileRef = 8CAF004F16EA89650013937B /* Default-Portrait~ipad.png */; };
		8CAF005216EA89710013937B /* Default-Portrait@2x~ipad.png in Resources */ = {isa = PBXBuildFile; fileRef = 8CAF005116EA89710013937B /* Default-Portrait@2x~ipad.png */; };
		8CAF005416EA898E0013937B /* Default-Landscape~ipad.png in Resources */ = {isa = PBXBuildFile; fileRef = 8CAF005316EA898E0013937B /* Default-Landscape~ipad.png */; };
		8CAF005616EA89960013937B /* Default-Landscape@2x~ipad.png in Resources */ = {isa = PBXBuildFile; fileRef = 8CAF005516EA89960013937B /* Default-Landscape@2x~ipad.png */; };
		8CAF005816EA89D60013937B /* Icon72.png in Resources */ = {isa = PBXBuildFile; fileRef = 8CAF005716EA89D60013937B /* Icon72.png */; };
		8CAF005A16EA89DB0013937B /* Icon144.png in Resources */ = {isa = PBXBuildFile; fileRef = 8CAF005916EA89DB0013937B /* Icon144.png */; };
		8CDFABD816F2DD420053E050 /* PAAlbumCoverCell.m in Sources */ = {isa = PBXBuildFile; fileRef = 8CDFABD716F2DD420053E050 /* PAAlbumCoverCell.m */; };
		8CDFABDB16F3BD220053E050 /* AlbumViewController.m in Sources */ = {isa = PBXBuildFile; fileRef = 8CDFABDA16F3BD220053E050 /* AlbumViewController.m */; };
		8CEC7ABF170BE61E005A0809 /* EditAlbumViewController.m in Sources */ = {isa = PBXBuildFile; fileRef = 8CEC7ABE170BE61E005A0809 /* EditAlbumViewController.m */; };
		8CFB348216FD197100DFDC36 /* HelpViewController.m in Sources */ = {isa = PBXBuildFile; fileRef = 8CFB348116FD197100DFDC36 /* HelpViewController.m */; };
		8CFB348416FD1DE600DFDC36 /* albumIcon.png in Resources */ = {isa = PBXBuildFile; fileRef = 8CFB348316FD1DE600DFDC36 /* albumIcon.png */; };
		8CFB348616FD1ED900DFDC36 /* FolderIcon.png in Resources */ = {isa = PBXBuildFile; fileRef = 8CFB348516FD1ED900DFDC36 /* FolderIcon.png */; };
		8CFB348916FD472600DFDC36 /* PAPhotoCell.m in Sources */ = {isa = PBXBuildFile; fileRef = 8CFB348816FD472600DFDC36 /* PAPhotoCell.m */; };
/* End PBXBuildFile section */

/* Begin PBXFileReference section */
		8C1DA7C216F00CBB00A32438 /* Photo.h */ = {isa = PBXFileReference; fileEncoding = 4; lastKnownFileType = sourcecode.c.h; path = Photo.h; sourceTree = "<group>"; };
		8C1DA7C316F00CBB00A32438 /* Photo.m */ = {isa = PBXFileReference; fileEncoding = 4; lastKnownFileType = sourcecode.c.objc; path = Photo.m; sourceTree = "<group>"; };
		8C1DA7C516F0102E00A32438 /* Album.h */ = {isa = PBXFileReference; fileEncoding = 4; lastKnownFileType = sourcecode.c.h; path = Album.h; sourceTree = "<group>"; };
		8C1DA7C616F0102E00A32438 /* Album.m */ = {isa = PBXFileReference; fileEncoding = 4; lastKnownFileType = sourcecode.c.objc; path = Album.m; sourceTree = "<group>"; };
		8C1DA7C816F0182D00A32438 /* AlbumCollection.h */ = {isa = PBXFileReference; fileEncoding = 4; lastKnownFileType = sourcecode.c.h; path = AlbumCollection.h; sourceTree = "<group>"; };
		8C1DA7C916F0182D00A32438 /* AlbumCollection.m */ = {isa = PBXFileReference; fileEncoding = 4; lastKnownFileType = sourcecode.c.objc; path = AlbumCollection.m; sourceTree = "<group>"; };
		8C1DA7CB16F0322900A32438 /* PAViewController.h */ = {isa = PBXFileReference; fileEncoding = 4; lastKnownFileType = sourcecode.c.h; path = PAViewController.h; sourceTree = "<group>"; };
		8C1DA7CC16F0322900A32438 /* PAViewController.m */ = {isa = PBXFileReference; fileEncoding = 4; lastKnownFileType = sourcecode.c.objc; path = PAViewController.m; sourceTree = "<group>"; };
		8C1DA7D016F1694800A32438 /* FlickrAPIKey.h */ = {isa = PBXFileReference; fileEncoding = 4; lastKnownFileType = sourcecode.c.h; path = FlickrAPIKey.h; sourceTree = "<group>"; };
		8C1DA7D116F1694800A32438 /* FlickrFetcher.h */ = {isa = PBXFileReference; fileEncoding = 4; lastKnownFileType = sourcecode.c.h; path = FlickrFetcher.h; sourceTree = "<group>"; };
		8C1DA7D216F1694800A32438 /* FlickrFetcher.m */ = {isa = PBXFileReference; fileEncoding = 4; lastKnownFileType = sourcecode.c.objc; path = FlickrFetcher.m; sourceTree = "<group>"; };
		8C1DA7D416F18A7100A32438 /* AddAlbumViewController.h */ = {isa = PBXFileReference; fileEncoding = 4; lastKnownFileType = sourcecode.c.h; path = AddAlbumViewController.h; sourceTree = "<group>"; };
		8C1DA7D516F18A7100A32438 /* AddAlbumViewController.m */ = {isa = PBXFileReference; fileEncoding = 4; lastKnownFileType = sourcecode.c.objc; path = AddAlbumViewController.m; sourceTree = "<group>"; };
		8C240DD51706B38C007D35AE /* ImageViewController.h */ = {isa = PBXFileReference; fileEncoding = 4; lastKnownFileType = sourcecode.c.h; path = ImageViewController.h; sourceTree = "<group>"; };
		8C240DD61706B38C007D35AE /* ImageViewController.m */ = {isa = PBXFileReference; fileEncoding = 4; lastKnownFileType = sourcecode.c.objc; path = ImageViewController.m; sourceTree = "<group>"; };
		8C7D594A16C47CE700DA099D /* PhotographersAlbum.app */ = {isa = PBXFileReference; explicitFileType = wrapper.application; includeInIndex = 0; path = PhotographersAlbum.app; sourceTree = BUILT_PRODUCTS_DIR; };
		8C7D594D16C47CE700DA099D /* UIKit.framework */ = {isa = PBXFileReference; lastKnownFileType = wrapper.framework; name = UIKit.framework; path = System/Library/Frameworks/UIKit.framework; sourceTree = SDKROOT; };
		8C7D594F16C47CE700DA099D /* Foundation.framework */ = {isa = PBXFileReference; lastKnownFileType = wrapper.framework; name = Foundation.framework; path = System/Library/Frameworks/Foundation.framework; sourceTree = SDKROOT; };
		8C7D595116C47CE700DA099D /* CoreGraphics.framework */ = {isa = PBXFileReference; lastKnownFileType = wrapper.framework; name = CoreGraphics.framework; path = System/Library/Frameworks/CoreGraphics.framework; sourceTree = SDKROOT; };
		8C7D595516C47CE700DA099D /* PhotographersAlbum-Info.plist */ = {isa = PBXFileReference; lastKnownFileType = text.plist.xml; path = "PhotographersAlbum-Info.plist"; sourceTree = "<group>"; };
		8C7D595716C47CE700DA099D /* en */ = {isa = PBXFileReference; lastKnownFileType = text.plist.strings; name = en; path = en.lproj/InfoPlist.strings; sourceTree = "<group>"; };
		8C7D595916C47CE700DA099D /* main.m */ = {isa = PBXFileReference; lastKnownFileType = sourcecode.c.objc; path = main.m; sourceTree = "<group>"; };
		8C7D595B16C47CE700DA099D /* PhotographersAlbum-Prefix.pch */ = {isa = PBXFileReference; lastKnownFileType = sourcecode.c.h; path = "PhotographersAlbum-Prefix.pch"; sourceTree = "<group>"; };
		8C7D595C16C47CE700DA099D /* PAAppDelegate.h */ = {isa = PBXFileReference; lastKnownFileType = sourcecode.c.h; path = PAAppDelegate.h; sourceTree = "<group>"; };
		8C7D595D16C47CE700DA099D /* PAAppDelegate.m */ = {isa = PBXFileReference; lastKnownFileType = sourcecode.c.objc; path = PAAppDelegate.m; sourceTree = "<group>"; };
		8C7D596616C47CE700DA099D /* en */ = {isa = PBXFileReference; lastKnownFileType = file.storyboard; name = en; path = en.lproj/MainStoryboard.storyboard; sourceTree = "<group>"; };
		8C7DF545170123F100CE77B0 /* FlickrCell.h */ = {isa = PBXFileReference; fileEncoding = 4; lastKnownFileType = sourcecode.c.h; path = FlickrCell.h; sourceTree = "<group>"; };
		8C7DF546170123F100CE77B0 /* FlickrCell.m */ = {isa = PBXFileReference; fileEncoding = 4; lastKnownFileType = sourcecode.c.objc; path = FlickrCell.m; sourceTree = "<group>"; };
		8C9DE6C317055327001EAF92 /* default_image.png */ = {isa = PBXFileReference; lastKnownFileType = image.png; path = default_image.png; sourceTree = "<group>"; };
		8CA4DC0716FE328400BCC221 /* QuartzCore.framework */ = {isa = PBXFileReference; lastKnownFileType = wrapper.framework; name = QuartzCore.framework; path = System/Library/Frameworks/QuartzCore.framework; sourceTree = SDKROOT; };
		8CA4DC0916FE369600BCC221 /* SelectPhotoSourceViewController.h */ = {isa = PBXFileReference; fileEncoding = 4; lastKnownFileType = sourcecode.c.h; path = SelectPhotoSourceViewController.h; sourceTree = "<group>"; };
		8CA4DC0A16FE369600BCC221 /* SelectPhotoSourceViewController.m */ = {isa = PBXFileReference; fileEncoding = 4; lastKnownFileType = sourcecode.c.objc; path = SelectPhotoSourceViewController.m; sourceTree = "<group>"; };
		8CA4DC0D16FE539D00BCC221 /* SelectPhotoViewController.h */ = {isa = PBXFileReference; fileEncoding = 4; lastKnownFileType = sourcecode.c.h; path = SelectPhotoViewController.h; sourceTree = "<group>"; };
		8CA4DC0E16FE539D00BCC221 /* SelectPhotoViewController.m */ = {isa = PBXFileReference; fileEncoding = 4; lastKnownFileType = sourcecode.c.objc; path = SelectPhotoViewController.m; sourceTree = "<group>"; };
		8CA4DC1016FED2F500BCC221 /* AlbumDatabase.plist */ = {isa = PBXFileReference; fileEncoding = 4; lastKnownFileType = text.plist.xml; path = AlbumDatabase.plist; sourceTree = "<group>"; };
		8CAF004F16EA89650013937B /* Default-Portrait~ipad.png */ = {isa = PBXFileReference; lastKnownFileType = image.png; name = "Default-Portrait~ipad.png"; path = "../Default-Portrait~ipad.png"; sourceTree = "<group>"; };
		8CAF005116EA89710013937B /* Default-Portrait@2x~ipad.png */ = {isa = PBXFileReference; lastKnownFileType = image.png; name = "Default-Portrait@2x~ipad.png"; path = "../Default-Portrait@2x~ipad.png"; sourceTree = "<group>"; };
		8CAF005316EA898E0013937B /* Default-Landscape~ipad.png */ = {isa = PBXFileReference; lastKnownFileType = image.png; name = "Default-Landscape~ipad.png"; path = "../Default-Landscape~ipad.png"; sourceTree = "<group>"; };
		8CAF005516EA89960013937B /* Default-Landscape@2x~ipad.png */ = {isa = PBXFileReference; lastKnownFileType = image.png; name = "Default-Landscape@2x~ipad.png"; path = "../Default-Landscape@2x~ipad.png"; sourceTree = "<group>"; };
		8CAF005716EA89D60013937B /* Icon72.png */ = {isa = PBXFileReference; lastKnownFileType = image.png; name = Icon72.png; path = ../Icon72.png; sourceTree = "<group>"; };
		8CAF005916EA89DB0013937B /* Icon144.png */ = {isa = PBXFileReference; lastKnownFileType = image.png; name = Icon144.png; path = ../Icon144.png; sourceTree = "<group>"; };
		8CDFABD616F2DD420053E050 /* PAAlbumCoverCell.h */ = {isa = PBXFileReference; fileEncoding = 4; lastKnownFileType = sourcecode.c.h; path = PAAlbumCoverCell.h; sourceTree = "<group>"; };
		8CDFABD716F2DD420053E050 /* PAAlbumCoverCell.m */ = {isa = PBXFileReference; fileEncoding = 4; lastKnownFileType = sourcecode.c.objc; path = PAAlbumCoverCell.m; sourceTree = "<group>"; };
		8CDFABD916F3BD220053E050 /* AlbumViewController.h */ = {isa = PBXFileReference; fileEncoding = 4; lastKnownFileType = sourcecode.c.h; path = AlbumViewController.h; sourceTree = "<group>"; };
		8CDFABDA16F3BD220053E050 /* AlbumViewController.m */ = {isa = PBXFileReference; fileEncoding = 4; lastKnownFileType = sourcecode.c.objc; path = AlbumViewController.m; sourceTree = "<group>"; };
		8CEC7ABD170BE61E005A0809 /* EditAlbumViewController.h */ = {isa = PBXFileReference; fileEncoding = 4; lastKnownFileType = sourcecode.c.h; path = EditAlbumViewController.h; sourceTree = "<group>"; };
		8CEC7ABE170BE61E005A0809 /* EditAlbumViewController.m */ = {isa = PBXFileReference; fileEncoding = 4; lastKnownFileType = sourcecode.c.objc; path = EditAlbumViewController.m; sourceTree = "<group>"; };
		8CFB348016FD197100DFDC36 /* HelpViewController.h */ = {isa = PBXFileReference; fileEncoding = 4; lastKnownFileType = sourcecode.c.h; path = HelpViewController.h; sourceTree = "<group>"; };
		8CFB348116FD197100DFDC36 /* HelpViewController.m */ = {isa = PBXFileReference; fileEncoding = 4; lastKnownFileType = sourcecode.c.objc; path = HelpViewController.m; sourceTree = "<group>"; };
		8CFB348316FD1DE600DFDC36 /* albumIcon.png */ = {isa = PBXFileReference; lastKnownFileType = image.png; path = albumIcon.png; sourceTree = "<group>"; };
		8CFB348516FD1ED900DFDC36 /* FolderIcon.png */ = {isa = PBXFileReference; lastKnownFileType = image.png; path = FolderIcon.png; sourceTree = "<group>"; };
		8CFB348716FD472600DFDC36 /* PAPhotoCell.h */ = {isa = PBXFileReference; fileEncoding = 4; lastKnownFileType = sourcecode.c.h; path = PAPhotoCell.h; sourceTree = "<group>"; };
		8CFB348816FD472600DFDC36 /* PAPhotoCell.m */ = {isa = PBXFileReference; fileEncoding = 4; lastKnownFileType = sourcecode.c.objc; path = PAPhotoCell.m; sourceTree = "<group>"; };
/* End PBXFileReference section */

/* Begin PBXFrameworksBuildPhase section */
		8C7D594716C47CE700DA099D /* Frameworks */ = {
			isa = PBXFrameworksBuildPhase;
			buildActionMask = 2147483647;
			files = (
				8CA4DC0816FE328400BCC221 /* QuartzCore.framework in Frameworks */,
				8C7D594E16C47CE700DA099D /* UIKit.framework in Frameworks */,
				8C7D595016C47CE700DA099D /* Foundation.framework in Frameworks */,
				8C7D595216C47CE700DA099D /* CoreGraphics.framework in Frameworks */,
			);
			runOnlyForDeploymentPostprocessing = 0;
		};
/* End PBXFrameworksBuildPhase section */

/* Begin PBXGroup section */
		8C1DA7CF16F1690800A32438 /* Flickr Fetcher */ = {
			isa = PBXGroup;
			children = (
				8C1DA7D016F1694800A32438 /* FlickrAPIKey.h */,
				8C1DA7D116F1694800A32438 /* FlickrFetcher.h */,
				8C1DA7D216F1694800A32438 /* FlickrFetcher.m */,
			);
			name = "Flickr Fetcher";
			path = PhotographersAlbum;
			sourceTree = "<group>";
		};
		8C7D594116C47CE700DA099D = {
			isa = PBXGroup;
			children = (
				8C1DA7CF16F1690800A32438 /* Flickr Fetcher */,
				8C7D595316C47CE700DA099D /* PhotographersAlbum */,
				8C7D594C16C47CE700DA099D /* Frameworks */,
				8C7D594B16C47CE700DA099D /* Products */,
			);
			sourceTree = "<group>";
		};
		8C7D594B16C47CE700DA099D /* Products */ = {
			isa = PBXGroup;
			children = (
				8C7D594A16C47CE700DA099D /* PhotographersAlbum.app */,
			);
			name = Products;
			sourceTree = "<group>";
		};
		8C7D594C16C47CE700DA099D /* Frameworks */ = {
			isa = PBXGroup;
			children = (
				8CA4DC0716FE328400BCC221 /* QuartzCore.framework */,
				8C7D594D16C47CE700DA099D /* UIKit.framework */,
				8C7D594F16C47CE700DA099D /* Foundation.framework */,
				8C7D595116C47CE700DA099D /* CoreGraphics.framework */,
			);
			name = Frameworks;
			sourceTree = "<group>";
		};
		8C7D595316C47CE700DA099D /* PhotographersAlbum */ = {
			isa = PBXGroup;
			children = (
				8CA4DC0C16FE52A000BCC221 /* GUI */,
				8CAF005B16EAA61A0013937B /* Icons */,
				8C7D597016C48E8E00DA099D /* Model */,
				8C7D596516C47CE700DA099D /* MainStoryboard.storyboard */,
				8C7D595416C47CE700DA099D /* Supporting Files */,
			);
			path = PhotographersAlbum;
			sourceTree = "<group>";
		};
		8C7D595416C47CE700DA099D /* Supporting Files */ = {
			isa = PBXGroup;
			children = (
				8CAF005916EA89DB0013937B /* Icon144.png */,
				8CAF005716EA89D60013937B /* Icon72.png */,
				8CAF005516EA89960013937B /* Default-Landscape@2x~ipad.png */,
				8CAF005316EA898E0013937B /* Default-Landscape~ipad.png */,
				8CAF005116EA89710013937B /* Default-Portrait@2x~ipad.png */,
				8CAF004F16EA89650013937B /* Default-Portrait~ipad.png */,
				8C7D595516C47CE700DA099D /* PhotographersAlbum-Info.plist */,
				8C7D595616C47CE700DA099D /* InfoPlist.strings */,
				8C7D595916C47CE700DA099D /* main.m */,
				8C7D595B16C47CE700DA099D /* PhotographersAlbum-Prefix.pch */,
			);
			name = "Supporting Files";
			sourceTree = "<group>";
		};
		8C7D597016C48E8E00DA099D /* Model */ = {
			isa = PBXGroup;
			children = (
				8C1DA7C216F00CBB00A32438 /* Photo.h */,
				8C1DA7C316F00CBB00A32438 /* Photo.m */,
				8C1DA7C516F0102E00A32438 /* Album.h */,
				8C1DA7C616F0102E00A32438 /* Album.m */,
				8C1DA7C816F0182D00A32438 /* AlbumCollection.h */,
				8C1DA7C916F0182D00A32438 /* AlbumCollection.m */,
				8CA4DC1016FED2F500BCC221 /* AlbumDatabase.plist */,
			);
			name = Model;
			sourceTree = "<group>";
		};
		8CA4DC0C16FE52A000BCC221 /* GUI */ = {
			isa = PBXGroup;
			children = (
				8CA4DC0916FE369600BCC221 /* SelectPhotoSourceViewController.h */,
				8CA4DC0A16FE369600BCC221 /* SelectPhotoSourceViewController.m */,
				8CFB348016FD197100DFDC36 /* HelpViewController.h */,
				8CFB348116FD197100DFDC36 /* HelpViewController.m */,
				8CDFABD916F3BD220053E050 /* AlbumViewController.h */,
				8CDFABDA16F3BD220053E050 /* AlbumViewController.m */,
				8CFB348716FD472600DFDC36 /* PAPhotoCell.h */,
				8CFB348816FD472600DFDC36 /* PAPhotoCell.m */,
				8C1DA7D416F18A7100A32438 /* AddAlbumViewController.h */,
				8C1DA7D516F18A7100A32438 /* AddAlbumViewController.m */,
				8C1DA7CB16F0322900A32438 /* PAViewController.h */,
				8C1DA7CC16F0322900A32438 /* PAViewController.m */,
				8C7D595C16C47CE700DA099D /* PAAppDelegate.h */,
				8CDFABD616F2DD420053E050 /* PAAlbumCoverCell.h */,
				8CDFABD716F2DD420053E050 /* PAAlbumCoverCell.m */,
				8C7D595D16C47CE700DA099D /* PAAppDelegate.m */,
				8CA4DC0D16FE539D00BCC221 /* SelectPhotoViewController.h */,
				8CA4DC0E16FE539D00BCC221 /* SelectPhotoViewController.m */,
				8C7DF545170123F100CE77B0 /* FlickrCell.h */,
				8C7DF546170123F100CE77B0 /* FlickrCell.m */,
				8C240DD51706B38C007D35AE /* ImageViewController.h */,
				8C240DD61706B38C007D35AE /* ImageViewController.m */,
				8CEC7ABD170BE61E005A0809 /* EditAlbumViewController.h */,
				8CEC7ABE170BE61E005A0809 /* EditAlbumViewController.m */,
			);
			name = GUI;
			sourceTree = "<group>";
		};
		8CAF005B16EAA61A0013937B /* Icons */ = {
			isa = PBXGroup;
			children = (
				8C9DE6C317055327001EAF92 /* default_image.png */,
				8CFB348516FD1ED900DFDC36 /* FolderIcon.png */,
				8CFB348316FD1DE600DFDC36 /* albumIcon.png */,
			);
			name = Icons;
			sourceTree = "<group>";
		};
/* End PBXGroup section */

/* Begin PBXNativeTarget section */
		8C7D594916C47CE700DA099D /* PhotographersAlbum */ = {
			isa = PBXNativeTarget;
			buildConfigurationList = 8C7D596D16C47CE700DA099D /* Build configuration list for PBXNativeTarget "PhotographersAlbum" */;
			buildPhases = (
				8C7D594616C47CE700DA099D /* Sources */,
				8C7D594716C47CE700DA099D /* Frameworks */,
				8C7D594816C47CE700DA099D /* Resources */,
			);
			buildRules = (
			);
			dependencies = (
			);
			name = PhotographersAlbum;
			productName = PhotographersAlbum;
			productReference = 8C7D594A16C47CE700DA099D /* PhotographersAlbum.app */;
			productType = "com.apple.product-type.application";
		};
/* End PBXNativeTarget section */

/* Begin PBXProject section */
		8C7D594216C47CE700DA099D /* Project object */ = {
			isa = PBXProject;
			attributes = {
				CLASSPREFIX = PA;
				LastUpgradeCheck = 0460;
				ORGANIZATIONNAME = bcit;
			};
			buildConfigurationList = 8C7D594516C47CE700DA099D /* Build configuration list for PBXProject "PhotographersAlbum" */;
			compatibilityVersion = "Xcode 3.2";
			developmentRegion = English;
			hasScannedForEncodings = 0;
			knownRegions = (
				en,
			);
			mainGroup = 8C7D594116C47CE700DA099D;
			productRefGroup = 8C7D594B16C47CE700DA099D /* Products */;
			projectDirPath = "";
			projectRoot = "";
			targets = (
				8C7D594916C47CE700DA099D /* PhotographersAlbum */,
			);
		};
/* End PBXProject section */

/* Begin PBXResourcesBuildPhase section */
		8C7D594816C47CE700DA099D /* Resources */ = {
			isa = PBXResourcesBuildPhase;
			buildActionMask = 2147483647;
			files = (
				8C7D595816C47CE700DA099D /* InfoPlist.strings in Resources */,
				8C7D596716C47CE700DA099D /* MainStoryboard.storyboard in Resources */,
				8CAF005016EA89650013937B /* Default-Portrait~ipad.png in Resources */,
				8CAF005216EA89710013937B /* Default-Portrait@2x~ipad.png in Resources */,
				8CAF005416EA898E0013937B /* Default-Landscape~ipad.png in Resources */,
				8CAF005616EA89960013937B /* Default-Landscape@2x~ipad.png in Resources */,
				8CAF005816EA89D60013937B /* Icon72.png in Resources */,
				8CAF005A16EA89DB0013937B /* Icon144.png in Resources */,
				8CFB348416FD1DE600DFDC36 /* albumIcon.png in Resources */,
				8CFB348616FD1ED900DFDC36 /* FolderIcon.png in Resources */,
				8CA4DC1116FED2F500BCC221 /* AlbumDatabase.plist in Resources */,
				8C9DE6C417055327001EAF92 /* default_image.png in Resources */,
			);
			runOnlyForDeploymentPostprocessing = 0;
		};
/* End PBXResourcesBuildPhase section */

/* Begin PBXSourcesBuildPhase section */
		8C7D594616C47CE700DA099D /* Sources */ = {
			isa = PBXSourcesBuildPhase;
			buildActionMask = 2147483647;
			files = (
				8C7D595A16C47CE700DA099D /* main.m in Sources */,
				8C7D595E16C47CE700DA099D /* PAAppDelegate.m in Sources */,
				8C1DA7C416F00CBB00A32438 /* Photo.m in Sources */,
				8C1DA7C716F0102E00A32438 /* Album.m in Sources */,
				8C1DA7CA16F0182D00A32438 /* AlbumCollection.m in Sources */,
				8C1DA7CD16F0322900A32438 /* PAViewController.m in Sources */,
				8C1DA7D316F1694800A32438 /* FlickrFetcher.m in Sources */,
				8C1DA7D616F18A7100A32438 /* AddAlbumViewController.m in Sources */,
				8CDFABD816F2DD420053E050 /* PAAlbumCoverCell.m in Sources */,
				8CDFABDB16F3BD220053E050 /* AlbumViewController.m in Sources */,
				8CFB348216FD197100DFDC36 /* HelpViewController.m in Sources */,
				8CFB348916FD472600DFDC36 /* PAPhotoCell.m in Sources */,
				8CA4DC0B16FE369600BCC221 /* SelectPhotoSourceViewController.m in Sources */,
				8CA4DC0F16FE539D00BCC221 /* SelectPhotoViewController.m in Sources */,
				8C7DF547170123F100CE77B0 /* FlickrCell.m in Sources */,
				8C240DD71706B38C007D35AE /* ImageViewController.m in Sources */,
				8CEC7ABF170BE61E005A0809 /* EditAlbumViewController.m in Sources */,
			);
			runOnlyForDeploymentPostprocessing = 0;
		};
/* End PBXSourcesBuildPhase section */

/* Begin PBXVariantGroup section */
		8C7D595616C47CE700DA099D /* InfoPlist.strings */ = {
			isa = PBXVariantGroup;
			children = (
				8C7D595716C47CE700DA099D /* en */,
			);
			name = InfoPlist.strings;
			sourceTree = "<group>";
		};
		8C7D596516C47CE700DA099D /* MainStoryboard.storyboard */ = {
			isa = PBXVariantGroup;
			children = (
				8C7D596616C47CE700DA099D /* en */,
			);
			name = MainStoryboard.storyboard;
			sourceTree = "<group>";
		};
/* End PBXVariantGroup section */

/* Begin XCBuildConfiguration section */
		8C7D596B16C47CE700DA099D /* Debug */ = {
			isa = XCBuildConfiguration;
			buildSettings = {
				ALWAYS_SEARCH_USER_PATHS = NO;
				CLANG_CXX_LANGUAGE_STANDARD = "gnu++0x";
				CLANG_CXX_LIBRARY = "libc++";
				CLANG_ENABLE_OBJC_ARC = YES;
				CLANG_WARN_CONSTANT_CONVERSION = YES;
				CLANG_WARN_EMPTY_BODY = YES;
				CLANG_WARN_ENUM_CONVERSION = YES;
				CLANG_WARN_INT_CONVERSION = YES;
				CLANG_WARN__DUPLICATE_METHOD_MATCH = YES;
				"CODE_SIGN_IDENTITY[sdk=iphoneos*]" = "iPhone Developer";
				COPY_PHASE_STRIP = NO;
				GCC_C_LANGUAGE_STANDARD = gnu99;
				GCC_DYNAMIC_NO_PIC = NO;
				GCC_OPTIMIZATION_LEVEL = 0;
				GCC_PREPROCESSOR_DEFINITIONS = (
					"DEBUG=1",
					"$(inherited)",
				);
				GCC_SYMBOLS_PRIVATE_EXTERN = NO;
				GCC_WARN_ABOUT_RETURN_TYPE = YES;
				GCC_WARN_UNINITIALIZED_AUTOS = YES;
				GCC_WARN_UNUSED_VARIABLE = YES;
				IPHONEOS_DEPLOYMENT_TARGET = 6.1;
				ONLY_ACTIVE_ARCH = YES;
				SDKROOT = iphoneos;
				TARGETED_DEVICE_FAMILY = 2;
			};
			name = Debug;
		};
		8C7D596C16C47CE700DA099D /* Release */ = {
			isa = XCBuildConfiguration;
			buildSettings = {
				ALWAYS_SEARCH_USER_PATHS = NO;
				CLANG_CXX_LANGUAGE_STANDARD = "gnu++0x";
				CLANG_CXX_LIBRARY = "libc++";
				CLANG_ENABLE_OBJC_ARC = YES;
				CLANG_WARN_CONSTANT_CONVERSION = YES;
				CLANG_WARN_EMPTY_BODY = YES;
				CLANG_WARN_ENUM_CONVERSION = YES;
				CLANG_WARN_INT_CONVERSION = YES;
				CLANG_WARN__DUPLICATE_METHOD_MATCH = YES;
				"CODE_SIGN_IDENTITY[sdk=iphoneos*]" = "iPhone Developer";
				COPY_PHASE_STRIP = YES;
				GCC_C_LANGUAGE_STANDARD = gnu99;
				GCC_WARN_ABOUT_RETURN_TYPE = YES;
				GCC_WARN_UNINITIALIZED_AUTOS = YES;
				GCC_WARN_UNUSED_VARIABLE = YES;
				IPHONEOS_DEPLOYMENT_TARGET = 6.1;
				OTHER_CFLAGS = "-DNS_BLOCK_ASSERTIONS=1";
				SDKROOT = iphoneos;
				TARGETED_DEVICE_FAMILY = 2;
				VALIDATE_PRODUCT = YES;
			};
			name = Release;
		};
		8C7D596E16C47CE700DA099D /* Debug */ = {
			isa = XCBuildConfiguration;
			buildSettings = {
				GCC_PRECOMPILE_PREFIX_HEADER = YES;
				GCC_PREFIX_HEADER = "PhotographersAlbum/PhotographersAlbum-Prefix.pch";
				INFOPLIST_FILE = "PhotographersAlbum/PhotographersAlbum-Info.plist";
				LIBRARY_SEARCH_PATHS = (
					"$(inherited)",
					"\"$(SDKROOT)/usr/lib/system\"",
				);
				PRODUCT_NAME = "$(TARGET_NAME)";
				WRAPPER_EXTENSION = app;
			};
			name = Debug;
		};
		8C7D596F16C47CE700DA099D /* Release */ = {
			isa = XCBuildConfiguration;
			buildSettings = {
				GCC_PRECOMPILE_PREFIX_HEADER = YES;
				GCC_PREFIX_HEADER = "PhotographersAlbum/PhotographersAlbum-Prefix.pch";
				INFOPLIST_FILE = "PhotographersAlbum/PhotographersAlbum-Info.plist";
				LIBRARY_SEARCH_PATHS = (
					"$(inherited)",
					"\"$(SDKROOT)/usr/lib/system\"",
				);
				PRODUCT_NAME = "$(TARGET_NAME)";
				WRAPPER_EXTENSION = app;
			};
			name = Release;
		};
/* End XCBuildConfiguration section */

/* Begin XCConfigurationList section */
		8C7D594516C47CE700DA099D /* Build configuration list for PBXProject "PhotographersAlbum" */ = {
			isa = XCConfigurationList;
			buildConfigurations = (
				8C7D596B16C47CE700DA099D /* Debug */,
				8C7D596C16C47CE700DA099D /* Release */,
			);
			defaultConfigurationIsVisible = 0;
			defaultConfigurationName = Release;
		};
		8C7D596D16C47CE700DA099D /* Build configuration list for PBXNativeTarget "PhotographersAlbum" */ = {
			isa = XCConfigurationList;
			buildConfigurations = (
				8C7D596E16C47CE700DA099D /* Debug */,
				8C7D596F16C47CE700DA099D /* Release */,
			);
			defaultConfigurationIsVisible = 0;
			defaultConfigurationName = Release;
		};
/* End XCConfigurationList section */
	};
	rootObject = 8C7D594216C47CE700DA099D /* Project object */;
}
